
Microsoft Visual Studio Solution File, Format Version 12.00
# Visual Studio 15
VisualStudioVersion = 15.0.27004.2010
MinimumVisualStudioVersion = 10.0.40219.1
Project("{9A19103F-16F7-4668-BE54-9A1E7A4F7556}") = "ItHappenedWebAPI", "ItHappenedWebAPI\ItHappenedWebAPI.csproj", "{C752375D-5D8B-425C-8FB7-08BE8127205A}"
EndProject
Project("{9A19103F-16F7-4668-BE54-9A1E7A4F7556}") = "ItHappenedDomain", "ItHappenedDomain\ItHappenedDomain.csproj", "{9C374B7A-674A-4987-9D73-5C009CC5C9DC}"
EndProject
Project("{9A19103F-16F7-4668-BE54-9A1E7A4F7556}") = "ItHappenedUnitTests", "ItHappenedUnitTests\ItHappenedUnitTests.csproj", "{38BB771D-5D22-4230-966A-828E6DE8C2E7}"
EndProject
Project("{2150E333-8FDC-42A3-9474-1A3956D46DE8}") = "Solution Items", "Solution Items", "{ABE9E10D-30B8-4715-ACBC-313642896E21}"
	ProjectSection(SolutionItems) = preProject
		ItHappenedDB.mwb = ItHappenedDB.mwb
	EndProjectSection
EndProject
Global
	GlobalSection(SolutionConfigurationPlatforms) = preSolution
		Debug|Any CPU = Debug|Any CPU
		Release|Any CPU = Release|Any CPU
	EndGlobalSection
	GlobalSection(ProjectConfigurationPlatforms) = postSolution
		{C752375D-5D8B-425C-8FB7-08BE8127205A}.Debug|Any CPU.ActiveCfg = Debug|Any CPU
		{C752375D-5D8B-425C-8FB7-08BE8127205A}.Debug|Any CPU.Build.0 = Debug|Any CPU
		{C752375D-5D8B-425C-8FB7-08BE8127205A}.Release|Any CPU.ActiveCfg = Release|Any CPU
		{C752375D-5D8B-425C-8FB7-08BE8127205A}.Release|Any CPU.Build.0 = Release|Any CPU
		{9C374B7A-674A-4987-9D73-5C009CC5C9DC}.Debug|Any CPU.ActiveCfg = Debug|Any CPU
		{9C374B7A-674A-4987-9D73-5C009CC5C9DC}.Debug|Any CPU.Build.0 = Debug|Any CPU
		{9C374B7A-674A-4987-9D73-5C009CC5C9DC}.Release|Any CPU.ActiveCfg = Release|Any CPU
		{9C374B7A-674A-4987-9D73-5C009CC5C9DC}.Release|Any CPU.Build.0 = Release|Any CPU
		{38BB771D-5D22-4230-966A-828E6DE8C2E7}.Debug|Any CPU.ActiveCfg = Debug|Any CPU
		{38BB771D-5D22-4230-966A-828E6DE8C2E7}.Debug|Any CPU.Build.0 = Debug|Any CPU
		{38BB771D-5D22-4230-966A-828E6DE8C2E7}.Release|Any CPU.ActiveCfg = Release|Any CPU
		{38BB771D-5D22-4230-966A-828E6DE8C2E7}.Release|Any CPU.Build.0 = Release|Any CPU
	EndGlobalSection
	GlobalSection(SolutionProperties) = preSolution
		HideSolutionNode = FALSE
	EndGlobalSection
	GlobalSection(ExtensibilityGlobals) = postSolution
		SolutionGuid = {8A68AAE8-AF78-420B-9A1A-9B221B09EF83}
	EndGlobalSection
EndGlobal
